
Microsoft Visual Studio Solution File, Format Version 12.00
# Visual Studio 15
VisualStudioVersion = 15.0.28307.438
MinimumVisualStudioVersion = 10.0.40219.1
Project("{8BC9CEB8-8B4A-11D0-8D11-00A0C91BC942}") = "PixelFlipEngine", "PixelFlipEngine.vcxproj", "{2EBF7868-4723-43D7-906F-E37E3897A36A}"
EndProject
Global
	GlobalSection(SolutionConfigurationPlatforms) = preSolution
		Debug|x64 = Debug|x64
		Debug|x86 = Debug|x86
		Profile|x64 = Profile|x64
		Profile|x86 = Profile|x86
		Release|x64 = Release|x64
		Release|x86 = Release|x86
	EndGlobalSection
	GlobalSection(ProjectConfigurationPlatforms) = postSolution
		{2EBF7868-4723-43D7-906F-E37E3897A36A}.Debug|x64.ActiveCfg = Debug|x64
		{2EBF7868-4723-43D7-906F-E37E3897A36A}.Debug|x64.Build.0 = Debug|x64
		{2EBF7868-4723-43D7-906F-E37E3897A36A}.Debug|x86.ActiveCfg = Debug|Win32
		{2EBF7868-4723-43D7-906F-E37E3897A36A}.Debug|x86.Build.0 = Debug|Win32
		{2EBF7868-4723-43D7-906F-E37E3897A36A}.Profile|x64.ActiveCfg = Profile|x64
		{2EBF7868-4723-43D7-906F-E37E3897A36A}.Profile|x64.Build.0 = Profile|x64
		{2EBF7868-4723-43D7-906F-E37E3897A36A}.Profile|x86.ActiveCfg = Profile|Win32
		{2EBF7868-4723-43D7-906F-E37E3897A36A}.Profile|x86.Build.0 = Profile|Win32
		{2EBF7868-4723-43D7-906F-E37E3897A36A}.Release|x64.ActiveCfg = Release|x64
		{2EBF7868-4723-43D7-906F-E37E3897A36A}.Release|x64.Build.0 = Release|x64
		{2EBF7868-4723-43D7-906F-E37E3897A36A}.Release|x86.ActiveCfg = Release|Win32
		{2EBF7868-4723-43D7-906F-E37E3897A36A}.Release|x86.Build.0 = Release|Win32
	EndGlobalSection
	GlobalSection(SolutionProperties) = preSolution
		HideSolutionNode = FALSE
	EndGlobalSection
	GlobalSection(ExtensibilityGlobals) = postSolution
		SolutionGuid = {69E95C75-3DC7-49FE-9B3B-FB981EF4DE52}
	EndGlobalSection
EndGlobal
